
Microsoft Visual Studio Solution File, Format Version 12.00
# Visual Studio Version 16
VisualStudioVersion = 16.0.29911.84
MinimumVisualStudioVersion = 10.0.40219.1
Project("{FAE04EC0-301F-11D3-BF4B-00C04F79EFBC}") = "Test_nish", "Test_nish\Test_nish.csproj", "{7EE8338C-E9AB-48DC-BB3A-DCFBCD027B09}"
EndProject
Global
	GlobalSection(SolutionConfigurationPlatforms) = preSolution
		Debug|Any CPU = Debug|Any CPU
		Release|Any CPU = Release|Any CPU
	EndGlobalSection
	GlobalSection(ProjectConfigurationPlatforms) = postSolution
		{7EE8338C-E9AB-48DC-BB3A-DCFBCD027B09}.Debug|Any CPU.ActiveCfg = Debug|Any CPU
		{7EE8338C-E9AB-48DC-BB3A-DCFBCD027B09}.Debug|Any CPU.Build.0 = Debug|Any CPU
		{7EE8338C-E9AB-48DC-BB3A-DCFBCD027B09}.Release|Any CPU.ActiveCfg = Release|Any CPU
		{7EE8338C-E9AB-48DC-BB3A-DCFBCD027B09}.Release|Any CPU.Build.0 = Release|Any CPU
	EndGlobalSection
	GlobalSection(SolutionProperties) = preSolution
		HideSolutionNode = FALSE
	EndGlobalSection
	GlobalSection(ExtensibilityGlobals) = postSolution
		SolutionGuid = {D7E08847-9CA2-4C27-9254-3EB24917107E}
	EndGlobalSection
EndGlobal
